// !$*UTF8*$!
{
	archiveVersion = 1;
	classes = {
	};
	objectVersion = 56;
	objects = {

/* Begin PBXBuildFile section */
		8465814A2F02A40D0060B854 /* UserCell.swift in Sources */ = {isa = PBXBuildFile; fileRef = 846581482F02A40D0060B854 /* UserCell.swift */; };
		8465814B2F02A40D0060B854 /* UserCell.xib in Resources */ = {isa = PBXBuildFile; fileRef = 846581492F02A40D0060B854 /* UserCell.xib */; };
		84F4C05B2F02789700209B9E /* AppDelegate.swift in Sources */ = {isa = PBXBuildFile; fileRef = 84F4C05A2F02789700209B9E /* AppDelegate.swift */; };
		84F4C05D2F02789700209B9E /* SceneDelegate.swift in Sources */ = {isa = PBXBuildFile; fileRef = 84F4C05C2F02789700209B9E /* SceneDelegate.swift */; };
		84F4C05F2F02789700209B9E /* ViewController.swift in Sources */ = {isa = PBXBuildFile; fileRef = 84F4C05E2F02789700209B9E /* ViewController.swift */; };
		84F4C0622F02789700209B9E /* Main.storyboard in Resources */ = {isa = PBXBuildFile; fileRef = 84F4C0602F02789700209B9E /* Main.storyboard */; };
		84F4C0642F02789A00209B9E /* Assets.xcassets in Resources */ = {isa = PBXBuildFile; fileRef = 84F4C0632F02789A00209B9E /* Assets.xcassets */; };
		84F4C0672F02789A00209B9E /* LaunchScreen.storyboard in Resources */ = {isa = PBXBuildFile; fileRef = 84F4C0652F02789A00209B9E /* LaunchScreen.storyboard */; };
		84F4C0722F02789B00209B9E /* ApiTests.swift in Sources */ = {isa = PBXBuildFile; fileRef = 84F4C0712F02789B00209B9E /* ApiTests.swift */; };
		84F4C07C2F02789B00209B9E /* ApiUITests.swift in Sources */ = {isa = PBXBuildFile; fileRef = 84F4C07B2F02789B00209B9E /* ApiUITests.swift */; };
		84F4C07E2F02789B00209B9E /* ApiUITestsLaunchTests.swift in Sources */ = {isa = PBXBuildFile; fileRef = 84F4C07D2F02789B00209B9E /* ApiUITestsLaunchTests.swift */; };
		84F4C08F2F028CD400209B9E /* UserModel.swift in Sources */ = {isa = PBXBuildFile; fileRef = 84F4C08E2F028CD400209B9E /* UserModel.swift */; };
		84F4C0912F02957F00209B9E /* UserViewModel.swift in Sources */ = {isa = PBXBuildFile; fileRef = 84F4C0902F02957F00209B9E /* UserViewModel.swift */; };
/* End PBXBuildFile section */

/* Begin PBXContainerItemProxy section */
		84F4C06E2F02789B00209B9E /* PBXContainerItemProxy */ = {
			isa = PBXContainerItemProxy;
			containerPortal = 84F4C04F2F02789700209B9E /* Project object */;
			proxyType = 1;
			remoteGlobalIDString = 84F4C0562F02789700209B9E;
			remoteInfo = Api;
		};
		84F4C0782F02789B00209B9E /* PBXContainerItemProxy */ = {
			isa = PBXContainerItemProxy;
			containerPortal = 84F4C04F2F02789700209B9E /* Project object */;
			proxyType = 1;
			remoteGlobalIDString = 84F4C0562F02789700209B9E;
			remoteInfo = Api;
		};
/* End PBXContainerItemProxy section */

/* Begin PBXFileReference section */
		846581482F02A40D0060B854 /* UserCell.swift */ = {isa = PBXFileReference; lastKnownFileType = sourcecode.swift; path = UserCell.swift; sourceTree = "<group>"; };
		846581492F02A40D0060B854 /* UserCell.xib */ = {isa = PBXFileReference; lastKnownFileType = file.xib; path = UserCell.xib; sourceTree = "<group>"; };
		84F4C0572F02789700209B9E /* Api.app */ = {isa = PBXFileReference; explicitFileType = wrapper.application; includeInIndex = 0; path = Api.app; sourceTree = BUILT_PRODUCTS_DIR; };
		84F4C05A2F02789700209B9E /* AppDelegate.swift */ = {isa = PBXFileReference; lastKnownFileType = sourcecode.swift; path = AppDelegate.swift; sourceTree = "<group>"; };
		84F4C05C2F02789700209B9E /* SceneDelegate.swift */ = {isa = PBXFileReference; lastKnownFileType = sourcecode.swift; path = SceneDelegate.swift; sourceTree = "<group>"; };
		84F4C05E2F02789700209B9E /* ViewController.swift */ = {isa = PBXFileReference; lastKnownFileType = sourcecode.swift; path = ViewController.swift; sourceTree = "<group>"; };
		84F4C0612F02789700209B9E /* Base */ = {isa = PBXFileReference; lastKnownFileType = file.storyboard; name = Base; path = Base.lproj/Main.storyboard; sourceTree = "<group>"; };
		84F4C0632F02789A00209B9E /* Assets.xcassets */ = {isa = PBXFileReference; lastKnownFileType = folder.assetcatalog; path = Assets.xcassets; sourceTree = "<group>"; };
		84F4C0662F02789A00209B9E /* Base */ = {isa = PBXFileReference; lastKnownFileType = file.storyboard; name = Base; path = Base.lproj/LaunchScreen.storyboard; sourceTree = "<group>"; };
		84F4C0682F02789A00209B9E /* Info.plist */ = {isa = PBXFileReference; lastKnownFileType = text.plist.xml; path = Info.plist; sourceTree = "<group>"; };
		84F4C06D2F02789B00209B9E /* ApiTests.xctest */ = {isa = PBXFileReference; explicitFileType = wrapper.cfbundle; includeInIndex = 0; path = ApiTests.xctest; sourceTree = BUILT_PRODUCTS_DIR; };
		84F4C0712F02789B00209B9E /* ApiTests.swift */ = {isa = PBXFileReference; lastKnownFileType = sourcecode.swift; path = ApiTests.swift; sourceTree = "<group>"; };
		84F4C0772F02789B00209B9E /* ApiUITests.xctest */ = {isa = PBXFileReference; explicitFileType = wrapper.cfbundle; includeInIndex = 0; path = ApiUITests.xctest; sourceTree = BUILT_PRODUCTS_DIR; };
		84F4C07B2F02789B00209B9E /* ApiUITests.swift */ = {isa = PBXFileReference; lastKnownFileType = sourcecode.swift; path = ApiUITests.swift; sourceTree = "<group>"; };
		84F4C07D2F02789B00209B9E /* ApiUITestsLaunchTests.swift */ = {isa = PBXFileReference; lastKnownFileType = sourcecode.swift; path = ApiUITestsLaunchTests.swift; sourceTree = "<group>"; };
		84F4C08E2F028CD400209B9E /* UserModel.swift */ = {isa = PBXFileReference; lastKnownFileType = sourcecode.swift; path = UserModel.swift; sourceTree = "<group>"; };
		84F4C0902F02957F00209B9E /* UserViewModel.swift */ = {isa = PBXFileReference; lastKnownFileType = sourcecode.swift; path = UserViewModel.swift; sourceTree = "<group>"; };
/* End PBXFileReference section */

/* Begin PBXFrameworksBuildPhase section */
		84F4C0542F02789700209B9E /* Frameworks */ = {
			isa = PBXFrameworksBuildPhase;
			buildActionMask = 2147483647;
			files = (
			);
			runOnlyForDeploymentPostprocessing = 0;
		};
		84F4C06A2F02789B00209B9E /* Frameworks */ = {
			isa = PBXFrameworksBuildPhase;
			buildActionMask = 2147483647;
			files = (
			);
			runOnlyForDeploymentPostprocessing = 0;
		};
		84F4C0742F02789B00209B9E /* Frameworks */ = {
			isa = PBXFrameworksBuildPhase;
			buildActionMask = 2147483647;
			files = (
			);
			runOnlyForDeploymentPostprocessing = 0;
		};
/* End PBXFrameworksBuildPhase section */

/* Begin PBXGroup section */
		84F4C04E2F02789700209B9E = {
			isa = PBXGroup;
			children = (
				84F4C0592F02789700209B9E /* Api */,
				84F4C0702F02789B00209B9E /* ApiTests */,
				84F4C07A2F02789B00209B9E /* ApiUITests */,
				84F4C0582F02789700209B9E /* Products */,
			);
			sourceTree = "<group>";
		};
		84F4C0582F02789700209B9E /* Products */ = {
			isa = PBXGroup;
			children = (
				84F4C0572F02789700209B9E /* Api.app */,
				84F4C06D2F02789B00209B9E /* ApiTests.xctest */,
				84F4C0772F02789B00209B9E /* ApiUITests.xctest */,
			);
			name = Products;
			sourceTree = "<group>";
		};
		84F4C0592F02789700209B9E /* Api */ = {
			isa = PBXGroup;
			children = (
				84F4C08A2F0288C800209B9E /* Model */,
				84F4C08C2F02890600209B9E /* View */,
				84F4C08B2F0288E600209B9E /* ViewModel */,
				84F4C05A2F02789700209B9E /* AppDelegate.swift */,
				84F4C05C2F02789700209B9E /* SceneDelegate.swift */,
				84F4C0602F02789700209B9E /* Main.storyboard */,
				84F4C0632F02789A00209B9E /* Assets.xcassets */,
				84F4C0652F02789A00209B9E /* LaunchScreen.storyboard */,
				84F4C0682F02789A00209B9E /* Info.plist */,
			);
			path = Api;
			sourceTree = "<group>";
		};
		84F4C0702F02789B00209B9E /* ApiTests */ = {
			isa = PBXGroup;
			children = (
				84F4C0712F02789B00209B9E /* ApiTests.swift */,
			);
			path = ApiTests;
			sourceTree = "<group>";
		};
		84F4C07A2F02789B00209B9E /* ApiUITests */ = {
			isa = PBXGroup;
			children = (
				84F4C07B2F02789B00209B9E /* ApiUITests.swift */,
				84F4C07D2F02789B00209B9E /* ApiUITestsLaunchTests.swift */,
			);
			path = ApiUITests;
			sourceTree = "<group>";
		};
		84F4C08A2F0288C800209B9E /* Model */ = {
			isa = PBXGroup;
			children = (
				84F4C08E2F028CD400209B9E /* UserModel.swift */,
			);
			path = Model;
			sourceTree = "<group>";
		};
		84F4C08B2F0288E600209B9E /* ViewModel */ = {
			isa = PBXGroup;
			children = (
				84F4C0902F02957F00209B9E /* UserViewModel.swift */,
			);
			path = ViewModel;
			sourceTree = "<group>";
		};
		84F4C08C2F02890600209B9E /* View */ = {
			isa = PBXGroup;
			children = (
				846581482F02A40D0060B854 /* UserCell.swift */,
				846581492F02A40D0060B854 /* UserCell.xib */,
				84F4C08D2F02892400209B9E /* Controller */,
			);
			path = View;
			sourceTree = "<group>";
		};
		84F4C08D2F02892400209B9E /* Controller */ = {
			isa = PBXGroup;
			children = (
				84F4C05E2F02789700209B9E /* ViewController.swift */,
			);
			path = Controller;
			sourceTree = "<group>";
		};
/* End PBXGroup section */

/* Begin PBXNativeTarget section */
		84F4C0562F02789700209B9E /* Api */ = {
			isa = PBXNativeTarget;
			buildConfigurationList = 84F4C0812F02789B00209B9E /* Build configuration list for PBXNativeTarget "Api" */;
			buildPhases = (
				84F4C0532F02789700209B9E /* Sources */,
				84F4C0542F02789700209B9E /* Frameworks */,
				84F4C0552F02789700209B9E /* Resources */,
			);
			buildRules = (
			);
			dependencies = (
			);
			name = Api;
			productName = Api;
			productReference = 84F4C0572F02789700209B9E /* Api.app */;
			productType = "com.apple.product-type.application";
		};
		84F4C06C2F02789B00209B9E /* ApiTests */ = {
			isa = PBXNativeTarget;
			buildConfigurationList = 84F4C0842F02789B00209B9E /* Build configuration list for PBXNativeTarget "ApiTests" */;
			buildPhases = (
				84F4C0692F02789B00209B9E /* Sources */,
				84F4C06A2F02789B00209B9E /* Frameworks */,
				84F4C06B2F02789B00209B9E /* Resources */,
			);
			buildRules = (
			);
			dependencies = (
				84F4C06F2F02789B00209B9E /* PBXTargetDependency */,
			);
			name = ApiTests;
			productName = ApiTests;
			productReference = 84F4C06D2F02789B00209B9E /* ApiTests.xctest */;
			productType = "com.apple.product-type.bundle.unit-test";
		};
		84F4C0762F02789B00209B9E /* ApiUITests */ = {
			isa = PBXNativeTarget;
			buildConfigurationList = 84F4C0872F02789B00209B9E /* Build configuration list for PBXNativeTarget "ApiUITests" */;
			buildPhases = (
				84F4C0732F02789B00209B9E /* Sources */,
				84F4C0742F02789B00209B9E /* Frameworks */,
				84F4C0752F02789B00209B9E /* Resources */,
			);
			buildRules = (
			);
			dependencies = (
				84F4C0792F02789B00209B9E /* PBXTargetDependency */,
			);
			name = ApiUITests;
			productName = ApiUITests;
			productReference = 84F4C0772F02789B00209B9E /* ApiUITests.xctest */;
			productType = "com.apple.product-type.bundle.ui-testing";
		};
/* End PBXNativeTarget section */

/* Begin PBXProject section */
		84F4C04F2F02789700209B9E /* Project object */ = {
			isa = PBXProject;
			attributes = {
				BuildIndependentTargetsInParallel = 1;
				LastSwiftUpdateCheck = 1520;
				LastUpgradeCheck = 1520;
				TargetAttributes = {
					84F4C0562F02789700209B9E = {
						CreatedOnToolsVersion = 15.2;
					};
					84F4C06C2F02789B00209B9E = {
						CreatedOnToolsVersion = 15.2;
						TestTargetID = 84F4C0562F02789700209B9E;
					};
					84F4C0762F02789B00209B9E = {
						CreatedOnToolsVersion = 15.2;
						TestTargetID = 84F4C0562F02789700209B9E;
					};
				};
			};
			buildConfigurationList = 84F4C0522F02789700209B9E /* Build configuration list for PBXProject "Api" */;
			compatibilityVersion = "Xcode 14.0";
			developmentRegion = en;
			hasScannedForEncodings = 0;
			knownRegions = (
				en,
				Base,
			);
			mainGroup = 84F4C04E2F02789700209B9E;
			productRefGroup = 84F4C0582F02789700209B9E /* Products */;
			projectDirPath = "";
			projectRoot = "";
			targets = (
				84F4C0562F02789700209B9E /* Api */,
				84F4C06C2F02789B00209B9E /* ApiTests */,
				84F4C0762F02789B00209B9E /* ApiUITests */,
			);
		};
/* End PBXProject section */

/* Begin PBXResourcesBuildPhase section */
		84F4C0552F02789700209B9E /* Resources */ = {
			isa = PBXResourcesBuildPhase;
			buildActionMask = 2147483647;
			files = (
				8465814B2F02A40D0060B854 /* UserCell.xib in Resources */,
				84F4C0672F02789A00209B9E /* LaunchScreen.storyboard in Resources */,
				84F4C0642F02789A00209B9E /* Assets.xcassets in Resources */,
				84F4C0622F02789700209B9E /* Main.storyboard in Resources */,
			);
			runOnlyForDeploymentPostprocessing = 0;
		};
		84F4C06B2F02789B00209B9E /* Resources */ = {
			isa = PBXResourcesBuildPhase;
			buildActionMask = 2147483647;
			files = (
			);
			runOnlyForDeploymentPostprocessing = 0;
		};
		84F4C0752F02789B00209B9E /* Resources */ = {
			isa = PBXResourcesBuildPhase;
			buildActionMask = 2147483647;
			files = (
			);
			runOnlyForDeploymentPostprocessing = 0;
		};
/* End PBXResourcesBuildPhase section */

/* Begin PBXSourcesBuildPhase section */
		84F4C0532F02789700209B9E /* Sources */ = {
			isa = PBXSourcesBuildPhase;
			buildActionMask = 2147483647;
			files = (
				84F4C05F2F02789700209B9E /* ViewController.swift in Sources */,
				84F4C05B2F02789700209B9E /* AppDelegate.swift in Sources */,
				8465814A2F02A40D0060B854 /* UserCell.swift in Sources */,
				84F4C08F2F028CD400209B9E /* UserModel.swift in Sources */,
				84F4C0912F02957F00209B9E /* UserViewModel.swift in Sources */,
				84F4C05D2F02789700209B9E /* SceneDelegate.swift in Sources */,
			);
			runOnlyForDeploymentPostprocessing = 0;
		};
		84F4C0692F02789B00209B9E /* Sources */ = {
			isa = PBXSourcesBuildPhase;
			buildActionMask = 2147483647;
			files = (
				84F4C0722F02789B00209B9E /* ApiTests.swift in Sources */,
			);
			runOnlyForDeploymentPostprocessing = 0;
		};
		84F4C0732F02789B00209B9E /* Sources */ = {
			isa = PBXSourcesBuildPhase;
			buildActionMask = 2147483647;
			files = (
				84F4C07C2F02789B00209B9E /* ApiUITests.swift in Sources */,
				84F4C07E2F02789B00209B9E /* ApiUITestsLaunchTests.swift in Sources */,
			);
			runOnlyForDeploymentPostprocessing = 0;
		};
/* End PBXSourcesBuildPhase section */

/* Begin PBXTargetDependency section */
		84F4C06F2F02789B00209B9E /* PBXTargetDependency */ = {
			isa = PBXTargetDependency;
			target = 84F4C0562F02789700209B9E /* Api */;
			targetProxy = 84F4C06E2F02789B00209B9E /* PBXContainerItemProxy */;
		};
		84F4C0792F02789B00209B9E /* PBXTargetDependency */ = {
			isa = PBXTargetDependency;
			target = 84F4C0562F02789700209B9E /* Api */;
			targetProxy = 84F4C0782F02789B00209B9E /* PBXContainerItemProxy */;
		};
/* End PBXTargetDependency section */

/* Begin PBXVariantGroup section */
		84F4C0602F02789700209B9E /* Main.storyboard */ = {
			isa = PBXVariantGroup;
			children = (
				84F4C0612F02789700209B9E /* Base */,
			);
			name = Main.storyboard;
			sourceTree = "<group>";
		};
		84F4C0652F02789A00209B9E /* LaunchScreen.storyboard */ = {
			isa = PBXVariantGroup;
			children = (
				84F4C0662F02789A00209B9E /* Base */,
			);
			name = LaunchScreen.storyboard;
			sourceTree = "<group>";
		};
/* End PBXVariantGroup section */

/* Begin XCBuildConfiguration section */
		84F4C07F2F02789B00209B9E /* Debug */ = {
			isa = XCBuildConfiguration;
			buildSettings = {
				ALWAYS_SEARCH_USER_PATHS = NO;
				ASSETCATALOG_COMPILER_GENERATE_SWIFT_ASSET_SYMBOL_EXTENSIONS = YES;
				CLANG_ANALYZER_NONNULL = YES;
				CLANG_ANALYZER_NUMBER_OBJECT_CONVERSION = YES_AGGRESSIVE;
				CLANG_CXX_LANGUAGE_STANDARD = "gnu++20";
				CLANG_ENABLE_MODULES = YES;
				CLANG_ENABLE_OBJC_ARC = YES;
				CLANG_ENABLE_OBJC_WEAK = YES;
				CLANG_WARN_BLOCK_CAPTURE_AUTORELEASING = YES;
				CLANG_WARN_BOOL_CONVERSION = YES;
				CLANG_WARN_COMMA = YES;
				CLANG_WARN_CONSTANT_CONVERSION = YES;
				CLANG_WARN_DEPRECATED_OBJC_IMPLEMENTATIONS = YES;
				CLANG_WARN_DIRECT_OBJC_ISA_USAGE = YES_ERROR;
				CLANG_WARN_DOCUMENTATION_COMMENTS = YES;
				CLANG_WARN_EMPTY_BODY = YES;
				CLANG_WARN_ENUM_CONVERSION = YES;
				CLANG_WARN_INFINITE_RECURSION = YES;
				CLANG_WARN_INT_CONVERSION = YES;
				CLANG_WARN_NON_LITERAL_NULL_CONVERSION = YES;
				CLANG_WARN_OBJC_IMPLICIT_RETAIN_SELF = YES;
				CLANG_WARN_OBJC_LITERAL_CONVERSION = YES;
				CLANG_WARN_OBJC_ROOT_CLASS = YES_ERROR;
				CLANG_WARN_QUOTED_INCLUDE_IN_FRAMEWORK_HEADER = YES;
				CLANG_WARN_RANGE_LOOP_ANALYSIS = YES;
				CLANG_WARN_STRICT_PROTOTYPES = YES;
				CLANG_WARN_SUSPICIOUS_MOVE = YES;
				CLANG_WARN_UNGUARDED_AVAILABILITY = YES_AGGRESSIVE;
				CLANG_WARN_UNREACHABLE_CODE = YES;
				CLANG_WARN__DUPLICATE_METHOD_MATCH = YES;
				COPY_PHASE_STRIP = NO;
				DEBUG_INFORMATION_FORMAT = dwarf;
				ENABLE_STRICT_OBJC_MSGSEND = YES;
				ENABLE_TESTABILITY = YES;
				ENABLE_USER_SCRIPT_SANDBOXING = YES;
				GCC_C_LANGUAGE_STANDARD = gnu17;
				GCC_DYNAMIC_NO_PIC = NO;
				GCC_NO_COMMON_BLOCKS = YES;
				GCC_OPTIMIZATION_LEVEL = 0;
				GCC_PREPROCESSOR_DEFINITIONS = (
					"DEBUG=1",
					"$(inherited)",
				);
				GCC_WARN_64_TO_32_BIT_CONVERSION = YES;
				GCC_WARN_ABOUT_RETURN_TYPE = YES_ERROR;
				GCC_WARN_UNDECLARED_SELECTOR = YES;
				GCC_WARN_UNINITIALIZED_AUTOS = YES_AGGRESSIVE;
				GCC_WARN_UNUSED_FUNCTION = YES;
				GCC_WARN_UNUSED_VARIABLE = YES;
				IPHONEOS_DEPLOYMENT_TARGET = 17.2;
				LOCALIZATION_PREFERS_STRING_CATALOGS = YES;
				MTL_ENABLE_DEBUG_INFO = INCLUDE_SOURCE;
				MTL_FAST_MATH = YES;
				ONLY_ACTIVE_ARCH = YES;
				SDKROOT = iphoneos;
				SWIFT_ACTIVE_COMPILATION_CONDITIONS = "DEBUG $(inherited)";
				SWIFT_OPTIMIZATION_LEVEL = "-Onone";
			};
			name = Debug;
		};
		84F4C0802F02789B00209B9E /* Release */ = {
			isa = XCBuildConfiguration;
			buildSettings = {
				ALWAYS_SEARCH_USER_PATHS = NO;
				ASSETCATALOG_COMPILER_GENERATE_SWIFT_ASSET_SYMBOL_EXTENSIONS = YES;
				CLANG_ANALYZER_NONNULL = YES;
				CLANG_ANALYZER_NUMBER_OBJECT_CONVERSION = YES_AGGRESSIVE;
				CLANG_CXX_LANGUAGE_STANDARD = "gnu++20";
				CLANG_ENABLE_MODULES = YES;
				CLANG_ENABLE_OBJC_ARC = YES;
				CLANG_ENABLE_OBJC_WEAK = YES;
				CLANG_WARN_BLOCK_CAPTURE_AUTORELEASING = YES;
				CLANG_WARN_BOOL_CONVERSION = YES;
				CLANG_WARN_COMMA = YES;
				CLANG_WARN_CONSTANT_CONVERSION = YES;
				CLANG_WARN_DEPRECATED_OBJC_IMPLEMENTATIONS = YES;
				CLANG_WARN_DIRECT_OBJC_ISA_USAGE = YES_ERROR;
				CLANG_WARN_DOCUMENTATION_COMMENTS = YES;
				CLANG_WARN_EMPTY_BODY = YES;
				CLANG_WARN_ENUM_CONVERSION = YES;
				CLANG_WARN_INFINITE_RECURSION = YES;
				CLANG_WARN_INT_CONVERSION = YES;
				CLANG_WARN_NON_LITERAL_NULL_CONVERSION = YES;
				CLANG_WARN_OBJC_IMPLICIT_RETAIN_SELF = YES;
				CLANG_WARN_OBJC_LITERAL_CONVERSION = YES;
				CLANG_WARN_OBJC_ROOT_CLASS = YES_ERROR;
				CLANG_WARN_QUOTED_INCLUDE_IN_FRAMEWORK_HEADER = YES;
				CLANG_WARN_RANGE_LOOP_ANALYSIS = YES;
				CLANG_WARN_STRICT_PROTOTYPES = YES;
				CLANG_WARN_SUSPICIOUS_MOVE = YES;
				CLANG_WARN_UNGUARDED_AVAILABILITY = YES_AGGRESSIVE;
				CLANG_WARN_UNREACHABLE_CODE = YES;
				CLANG_WARN__DUPLICATE_METHOD_MATCH = YES;
				COPY_PHASE_STRIP = NO;
				DEBUG_INFORMATION_FORMAT = "dwarf-with-dsym";
				ENABLE_NS_ASSERTIONS = NO;
				ENABLE_STRICT_OBJC_MSGSEND = YES;
				ENABLE_USER_SCRIPT_SANDBOXING = YES;
				GCC_C_LANGUAGE_STANDARD = gnu17;
				GCC_NO_COMMON_BLOCKS = YES;
				GCC_WARN_64_TO_32_BIT_CONVERSION = YES;
				GCC_WARN_ABOUT_RETURN_TYPE = YES_ERROR;
				GCC_WARN_UNDECLARED_SELECTOR = YES;
				GCC_WARN_UNINITIALIZED_AUTOS = YES_AGGRESSIVE;
				GCC_WARN_UNUSED_FUNCTION = YES;
				GCC_WARN_UNUSED_VARIABLE = YES;
				IPHONEOS_DEPLOYMENT_TARGET = 17.2;
				LOCALIZATION_PREFERS_STRING_CATALOGS = YES;
				MTL_ENABLE_DEBUG_INFO = NO;
				MTL_FAST_MATH = YES;
				SDKROOT = iphoneos;
				SWIFT_COMPILATION_MODE = wholemodule;
				VALIDATE_PRODUCT = YES;
			};
			name = Release;
		};
		84F4C0822F02789B00209B9E /* Debug */ = {
			isa = XCBuildConfiguration;
			buildSettings = {
				ASSETCATALOG_COMPILER_APPICON_NAME = AppIcon;
				ASSETCATALOG_COMPILER_GLOBAL_ACCENT_COLOR_NAME = AccentColor;
				CODE_SIGN_STYLE = Automatic;
				CURRENT_PROJECT_VERSION = 1;
				GENERATE_INFOPLIST_FILE = YES;
				INFOPLIST_FILE = Api/Info.plist;
				INFOPLIST_KEY_UIApplicationSupportsIndirectInputEvents = YES;
				INFOPLIST_KEY_UILaunchStoryboardName = LaunchScreen;
				INFOPLIST_KEY_UIMainStoryboardFile = Main;
				INFOPLIST_KEY_UISupportedInterfaceOrientations_iPad = "UIInterfaceOrientationPortrait UIInterfaceOrientationPortraitUpsideDown UIInterfaceOrientationLandscapeLeft UIInterfaceOrientationLandscapeRight";
				INFOPLIST_KEY_UISupportedInterfaceOrientations_iPhone = "UIInterfaceOrientationPortrait UIInterfaceOrientationLandscapeLeft UIInterfaceOrientationLandscapeRight";
				LD_RUNPATH_SEARCH_PATHS = (
					"$(inherited)",
					"@executable_path/Frameworks",
				);
				MARKETING_VERSION = 1.0;
				PRODUCT_BUNDLE_IDENTIFIER = none.Api;
				PRODUCT_NAME = "$(TARGET_NAME)";
				SWIFT_EMIT_LOC_STRINGS = YES;
				SWIFT_VERSION = 5.0;
				TARGETED_DEVICE_FAMILY = "1,2";
			};
			name = Debug;
		};
		84F4C0832F02789B00209B9E /* Release */ = {
			isa = XCBuildConfiguration;
			buildSettings = {
				ASSETCATALOG_COMPILER_APPICON_NAME = AppIcon;
				ASSETCATALOG_COMPILER_GLOBAL_ACCENT_COLOR_NAME = AccentColor;
				CODE_SIGN_STYLE = Automatic;
				CURRENT_PROJECT_VERSION = 1;
				GENERATE_INFOPLIST_FILE = YES;
				INFOPLIST_FILE = Api/Info.plist;
				INFOPLIST_KEY_UIApplicationSupportsIndirectInputEvents = YES;
				INFOPLIST_KEY_UILaunchStoryboardName = LaunchScreen;
				INFOPLIST_KEY_UIMainStoryboardFile = Main;
				INFOPLIST_KEY_UISupportedInterfaceOrientations_iPad = "UIInterfaceOrientationPortrait UIInterfaceOrientationPortraitUpsideDown UIInterfaceOrientationLandscapeLeft UIInterfaceOrientationLandscapeRight";
				INFOPLIST_KEY_UISupportedInterfaceOrientations_iPhone = "UIInterfaceOrientationPortrait UIInterfaceOrientationLandscapeLeft UIInterfaceOrientationLandscapeRight";
				LD_RUNPATH_SEARCH_PATHS = (
					"$(inherited)",
					"@executable_path/Frameworks",
				);
				MARKETING_VERSION = 1.0;
				PRODUCT_BUNDLE_IDENTIFIER = none.Api;
				PRODUCT_NAME = "$(TARGET_NAME)";
				SWIFT_EMIT_LOC_STRINGS = YES;
				SWIFT_VERSION = 5.0;
				TARGETED_DEVICE_FAMILY = "1,2";
			};
			name = Release;
		};
		84F4C0852F02789B00209B9E /* Debug */ = {
			isa = XCBuildConfiguration;
			buildSettings = {
				ALWAYS_EMBED_SWIFT_STANDARD_LIBRARIES = YES;
				BUNDLE_LOADER = "$(TEST_HOST)";
				CODE_SIGN_STYLE = Automatic;
				CURRENT_PROJECT_VERSION = 1;
				GENERATE_INFOPLIST_FILE = YES;
				IPHONEOS_DEPLOYMENT_TARGET = 17.2;
				MARKETING_VERSION = 1.0;
				PRODUCT_BUNDLE_IDENTIFIER = none.ApiTests;
				PRODUCT_NAME = "$(TARGET_NAME)";
				SWIFT_EMIT_LOC_STRINGS = NO;
				SWIFT_VERSION = 5.0;
				TARGETED_DEVICE_FAMILY = "1,2";
				TEST_HOST = "$(BUILT_PRODUCTS_DIR)/Api.app/$(BUNDLE_EXECUTABLE_FOLDER_PATH)/Api";
			};
			name = Debug;
		};
		84F4C0862F02789B00209B9E /* Release */ = {
			isa = XCBuildConfiguration;
			buildSettings = {
				ALWAYS_EMBED_SWIFT_STANDARD_LIBRARIES = YES;
				BUNDLE_LOADER = "$(TEST_HOST)";
				CODE_SIGN_STYLE = Automatic;
				CURRENT_PROJECT_VERSION = 1;
				GENERATE_INFOPLIST_FILE = YES;
				IPHONEOS_DEPLOYMENT_TARGET = 17.2;
				MARKETING_VERSION = 1.0;
				PRODUCT_BUNDLE_IDENTIFIER = none.ApiTests;
				PRODUCT_NAME = "$(TARGET_NAME)";
				SWIFT_EMIT_LOC_STRINGS = NO;
				SWIFT_VERSION = 5.0;
				TARGETED_DEVICE_FAMILY = "1,2";
				TEST_HOST = "$(BUILT_PRODUCTS_DIR)/Api.app/$(BUNDLE_EXECUTABLE_FOLDER_PATH)/Api";
			};
			name = Release;
		};
		84F4C0882F02789B00209B9E /* Debug */ = {
			isa = XCBuildConfiguration;
			buildSettings = {
				ALWAYS_EMBED_SWIFT_STANDARD_LIBRARIES = YES;
				CODE_SIGN_STYLE = Automatic;
				CURRENT_PROJECT_VERSION = 1;
				GENERATE_INFOPLIST_FILE = YES;
				MARKETING_VERSION = 1.0;
				PRODUCT_BUNDLE_IDENTIFIER = none.ApiUITests;
				PRODUCT_NAME = "$(TARGET_NAME)";
				SWIFT_EMIT_LOC_STRINGS = NO;
				SWIFT_VERSION = 5.0;
				TARGETED_DEVICE_FAMILY = "1,2";
				TEST_TARGET_NAME = Api;
			};
			name = Debug;
		};
		84F4C0892F02789B00209B9E /* Release */ = {
			isa = XCBuildConfiguration;
			buildSettings = {
				ALWAYS_EMBED_SWIFT_STANDARD_LIBRARIES = YES;
				CODE_SIGN_STYLE = Automatic;
				CURRENT_PROJECT_VERSION = 1;
				GENERATE_INFOPLIST_FILE = YES;
				MARKETING_VERSION = 1.0;
				PRODUCT_BUNDLE_IDENTIFIER = none.ApiUITests;
				PRODUCT_NAME = "$(TARGET_NAME)";
				SWIFT_EMIT_LOC_STRINGS = NO;
				SWIFT_VERSION = 5.0;
				TARGETED_DEVICE_FAMILY = "1,2";
				TEST_TARGET_NAME = Api;
			};
			name = Release;
		};
/* End XCBuildConfiguration section */

/* Begin XCConfigurationList section */
		84F4C0522F02789700209B9E /* Build configuration list for PBXProject "Api" */ = {
			isa = XCConfigurationList;
			buildConfigurations = (
				84F4C07F2F02789B00209B9E /* Debug */,
				84F4C0802F02789B00209B9E /* Release */,
			);
			defaultConfigurationIsVisible = 0;
			defaultConfigurationName = Release;
		};
		84F4C0812F02789B00209B9E /* Build configuration list for PBXNativeTarget "Api" */ = {
			isa = XCConfigurationList;
			buildConfigurations = (
				84F4C0822F02789B00209B9E /* Debug */,
				84F4C0832F02789B00209B9E /* Release */,
			);
			defaultConfigurationIsVisible = 0;
			defaultConfigurationName = Release;
		};
		84F4C0842F02789B00209B9E /* Build configuration list for PBXNativeTarget "ApiTests" */ = {
			isa = XCConfigurationList;
			buildConfigurations = (
				84F4C0852F02789B00209B9E /* Debug */,
				84F4C0862F02789B00209B9E /* Release */,
			);
			defaultConfigurationIsVisible = 0;
			defaultConfigurationName = Release;
		};
		84F4C0872F02789B00209B9E /* Build configuration list for PBXNativeTarget "ApiUITests" */ = {
			isa = XCConfigurationList;
			buildConfigurations = (
				84F4C0882F02789B00209B9E /* Debug */,
				84F4C0892F02789B00209B9E /* Release */,
			);
			defaultConfigurationIsVisible = 0;
			defaultConfigurationName = Release;
		};
/* End XCConfigurationList section */
	};
	rootObject = 84F4C04F2F02789700209B9E /* Project object */;
}
